
Microsoft Visual Studio Solution File, Format Version 12.00
# Visual Studio Version 17
VisualStudioVersion = 17.2.32616.157
MinimumVisualStudioVersion = 10.0.40219.1
Project("{FAE04EC0-301F-11D3-BF4B-00C04F79EFBC}") = "LoginV2", "LoginV2\LoginV2.csproj", "{D9D81A30-E09B-460F-82BA-3C466DA6B89E}"
EndProject
Project("{FAE04EC0-301F-11D3-BF4B-00C04F79EFBC}") = "Web_Hosting", "Web_Hosting\Web_Hosting.csproj", "{2C5EA6F7-3901-4A88-A5B8-2828121FF006}"
EndProject
Global
	GlobalSection(SolutionConfigurationPlatforms) = preSolution
		Debug|Any CPU = Debug|Any CPU
		Release|Any CPU = Release|Any CPU
	EndGlobalSection
	GlobalSection(ProjectConfigurationPlatforms) = postSolution
		{D9D81A30-E09B-460F-82BA-3C466DA6B89E}.Debug|Any CPU.ActiveCfg = Debug|Any CPU
		{D9D81A30-E09B-460F-82BA-3C466DA6B89E}.Debug|Any CPU.Build.0 = Debug|Any CPU
		{D9D81A30-E09B-460F-82BA-3C466DA6B89E}.Release|Any CPU.ActiveCfg = Release|Any CPU
		{D9D81A30-E09B-460F-82BA-3C466DA6B89E}.Release|Any CPU.Build.0 = Release|Any CPU
		{2C5EA6F7-3901-4A88-A5B8-2828121FF006}.Debug|Any CPU.ActiveCfg = Debug|Any CPU
		{2C5EA6F7-3901-4A88-A5B8-2828121FF006}.Debug|Any CPU.Build.0 = Debug|Any CPU
		{2C5EA6F7-3901-4A88-A5B8-2828121FF006}.Release|Any CPU.ActiveCfg = Release|Any CPU
		{2C5EA6F7-3901-4A88-A5B8-2828121FF006}.Release|Any CPU.Build.0 = Release|Any CPU
	EndGlobalSection
	GlobalSection(SolutionProperties) = preSolution
		HideSolutionNode = FALSE
	EndGlobalSection
	GlobalSection(ExtensibilityGlobals) = postSolution
		SolutionGuid = {D7D774DD-E854-4C71-A16C-6DAAD577E52F}
	EndGlobalSection
EndGlobal
