
Microsoft Visual Studio Solution File, Format Version 12.00
# Visual Studio Version 17
VisualStudioVersion = 17.3.32811.315
MinimumVisualStudioVersion = 10.0.40219.1
Project("{FAE04EC0-301F-11D3-BF4B-00C04F79EFBC}") = "Partido_Equipos", "Partido_Equipos\Partido_Equipos.csproj", "{27ABF9F3-D0D0-40C8-BD3B-4364928C3BAA}"
EndProject
Global
	GlobalSection(SolutionConfigurationPlatforms) = preSolution
		Debug|Any CPU = Debug|Any CPU
		Release|Any CPU = Release|Any CPU
	EndGlobalSection
	GlobalSection(ProjectConfigurationPlatforms) = postSolution
		{27ABF9F3-D0D0-40C8-BD3B-4364928C3BAA}.Debug|Any CPU.ActiveCfg = Debug|Any CPU
		{27ABF9F3-D0D0-40C8-BD3B-4364928C3BAA}.Debug|Any CPU.Build.0 = Debug|Any CPU
		{27ABF9F3-D0D0-40C8-BD3B-4364928C3BAA}.Release|Any CPU.ActiveCfg = Release|Any CPU
		{27ABF9F3-D0D0-40C8-BD3B-4364928C3BAA}.Release|Any CPU.Build.0 = Release|Any CPU
	EndGlobalSection
	GlobalSection(SolutionProperties) = preSolution
		HideSolutionNode = FALSE
	EndGlobalSection
	GlobalSection(ExtensibilityGlobals) = postSolution
		SolutionGuid = {D953EEBC-CC07-4B35-9881-A5B68C9707C8}
	EndGlobalSection
EndGlobal
