
Microsoft Visual Studio Solution File, Format Version 12.00
# Visual Studio Version 17
VisualStudioVersion = 17.3.32811.315
MinimumVisualStudioVersion = 10.0.40219.1
Project("{FAE04EC0-301F-11D3-BF4B-00C04F79EFBC}") = "Ejercicio1", "Ejercicio1\Ejercicio1.csproj", "{C6CB778C-B5AF-4EBF-8355-08B01DF2044F}"
EndProject
Global
	GlobalSection(SolutionConfigurationPlatforms) = preSolution
		Debug|Any CPU = Debug|Any CPU
		Release|Any CPU = Release|Any CPU
	EndGlobalSection
	GlobalSection(ProjectConfigurationPlatforms) = postSolution
		{C6CB778C-B5AF-4EBF-8355-08B01DF2044F}.Debug|Any CPU.ActiveCfg = Debug|Any CPU
		{C6CB778C-B5AF-4EBF-8355-08B01DF2044F}.Debug|Any CPU.Build.0 = Debug|Any CPU
		{C6CB778C-B5AF-4EBF-8355-08B01DF2044F}.Release|Any CPU.ActiveCfg = Release|Any CPU
		{C6CB778C-B5AF-4EBF-8355-08B01DF2044F}.Release|Any CPU.Build.0 = Release|Any CPU
	EndGlobalSection
	GlobalSection(SolutionProperties) = preSolution
		HideSolutionNode = FALSE
	EndGlobalSection
	GlobalSection(ExtensibilityGlobals) = postSolution
		SolutionGuid = {0F8CB98E-7A75-4C55-A550-3D49FCCEE7D4}
	EndGlobalSection
EndGlobal
