
Microsoft Visual Studio Solution File, Format Version 12.00
# Visual Studio Version 17
VisualStudioVersion = 17.3.32811.315
MinimumVisualStudioVersion = 10.0.40219.1
Project("{9A19103F-16F7-4668-BE54-9A1E7A4F7556}") = "ejercicio1", "Laboratorio_4\ejercicio1.csproj", "{3107B245-1DA5-4417-A348-71F3F109D9BE}"
EndProject
Project("{9A19103F-16F7-4668-BE54-9A1E7A4F7556}") = "ejercicio2", "ejercicio2\ejercicio2.csproj", "{AD83D37D-9595-4550-A620-AA307C01E71D}"
EndProject
Project("{9A19103F-16F7-4668-BE54-9A1E7A4F7556}") = "ejercicio3", "ejercicio3\ejercicio3.csproj", "{3577777C-AC34-4617-BA4D-09E8C109A4F6}"
EndProject
Project("{FAE04EC0-301F-11D3-BF4B-00C04F79EFBC}") = "ejercicio4", "ejercicio4\ejercicio4.csproj", "{4997DC86-E482-4040-A121-2771B66C5874}"
EndProject
Global
	GlobalSection(SolutionConfigurationPlatforms) = preSolution
		Debug|Any CPU = Debug|Any CPU
		Release|Any CPU = Release|Any CPU
	EndGlobalSection
	GlobalSection(ProjectConfigurationPlatforms) = postSolution
		{3107B245-1DA5-4417-A348-71F3F109D9BE}.Debug|Any CPU.ActiveCfg = Debug|Any CPU
		{3107B245-1DA5-4417-A348-71F3F109D9BE}.Debug|Any CPU.Build.0 = Debug|Any CPU
		{3107B245-1DA5-4417-A348-71F3F109D9BE}.Release|Any CPU.ActiveCfg = Release|Any CPU
		{3107B245-1DA5-4417-A348-71F3F109D9BE}.Release|Any CPU.Build.0 = Release|Any CPU
		{AD83D37D-9595-4550-A620-AA307C01E71D}.Debug|Any CPU.ActiveCfg = Debug|Any CPU
		{AD83D37D-9595-4550-A620-AA307C01E71D}.Debug|Any CPU.Build.0 = Debug|Any CPU
		{AD83D37D-9595-4550-A620-AA307C01E71D}.Release|Any CPU.ActiveCfg = Release|Any CPU
		{AD83D37D-9595-4550-A620-AA307C01E71D}.Release|Any CPU.Build.0 = Release|Any CPU
		{3577777C-AC34-4617-BA4D-09E8C109A4F6}.Debug|Any CPU.ActiveCfg = Debug|Any CPU
		{3577777C-AC34-4617-BA4D-09E8C109A4F6}.Debug|Any CPU.Build.0 = Debug|Any CPU
		{3577777C-AC34-4617-BA4D-09E8C109A4F6}.Release|Any CPU.ActiveCfg = Release|Any CPU
		{3577777C-AC34-4617-BA4D-09E8C109A4F6}.Release|Any CPU.Build.0 = Release|Any CPU
		{4997DC86-E482-4040-A121-2771B66C5874}.Debug|Any CPU.ActiveCfg = Debug|Any CPU
		{4997DC86-E482-4040-A121-2771B66C5874}.Debug|Any CPU.Build.0 = Debug|Any CPU
		{4997DC86-E482-4040-A121-2771B66C5874}.Release|Any CPU.ActiveCfg = Release|Any CPU
		{4997DC86-E482-4040-A121-2771B66C5874}.Release|Any CPU.Build.0 = Release|Any CPU
	EndGlobalSection
	GlobalSection(SolutionProperties) = preSolution
		HideSolutionNode = FALSE
	EndGlobalSection
	GlobalSection(ExtensibilityGlobals) = postSolution
		SolutionGuid = {33D916BC-8AF0-4140-813C-E6270BB245F5}
	EndGlobalSection
EndGlobal
