
Microsoft Visual Studio Solution File, Format Version 12.00
# Visual Studio Version 17
VisualStudioVersion = 17.2.32616.157
MinimumVisualStudioVersion = 10.0.40219.1
Project("{FAE04EC0-301F-11D3-BF4B-00C04F79EFBC}") = "Conversor_Moneda", "Conversor_Moneda\Conversor_Moneda.csproj", "{0DFEB7A8-8B35-47C2-8E16-E1C2CC9CF12B}"
EndProject
Project("{FAE04EC0-301F-11D3-BF4B-00C04F79EFBC}") = "Notas", "Notas\Notas.csproj", "{C7B5EF4D-699A-4558-93B2-AC986D7C8824}"
EndProject
Global
	GlobalSection(SolutionConfigurationPlatforms) = preSolution
		Debug|Any CPU = Debug|Any CPU
		Release|Any CPU = Release|Any CPU
	EndGlobalSection
	GlobalSection(ProjectConfigurationPlatforms) = postSolution
		{0DFEB7A8-8B35-47C2-8E16-E1C2CC9CF12B}.Debug|Any CPU.ActiveCfg = Debug|Any CPU
		{0DFEB7A8-8B35-47C2-8E16-E1C2CC9CF12B}.Debug|Any CPU.Build.0 = Debug|Any CPU
		{0DFEB7A8-8B35-47C2-8E16-E1C2CC9CF12B}.Release|Any CPU.ActiveCfg = Release|Any CPU
		{0DFEB7A8-8B35-47C2-8E16-E1C2CC9CF12B}.Release|Any CPU.Build.0 = Release|Any CPU
		{C7B5EF4D-699A-4558-93B2-AC986D7C8824}.Debug|Any CPU.ActiveCfg = Debug|Any CPU
		{C7B5EF4D-699A-4558-93B2-AC986D7C8824}.Debug|Any CPU.Build.0 = Debug|Any CPU
		{C7B5EF4D-699A-4558-93B2-AC986D7C8824}.Release|Any CPU.ActiveCfg = Release|Any CPU
		{C7B5EF4D-699A-4558-93B2-AC986D7C8824}.Release|Any CPU.Build.0 = Release|Any CPU
	EndGlobalSection
	GlobalSection(SolutionProperties) = preSolution
		HideSolutionNode = FALSE
	EndGlobalSection
	GlobalSection(ExtensibilityGlobals) = postSolution
		SolutionGuid = {047B62E5-7C41-476C-AF46-2FEEA712586D}
	EndGlobalSection
EndGlobal
