
Microsoft Visual Studio Solution File, Format Version 12.00
# Visual Studio Version 17
VisualStudioVersion = 17.3.32811.315
MinimumVisualStudioVersion = 10.0.40219.1
Project("{FAE04EC0-301F-11D3-BF4B-00C04F79EFBC}") = "Busqueda_Binaria", "Busqueda_Binaria\Busqueda_Binaria.csproj", "{BE17AB0A-C7EF-4BEF-8E91-DF6E0D3DA702}"
EndProject
Global
	GlobalSection(SolutionConfigurationPlatforms) = preSolution
		Debug|Any CPU = Debug|Any CPU
		Release|Any CPU = Release|Any CPU
	EndGlobalSection
	GlobalSection(ProjectConfigurationPlatforms) = postSolution
		{BE17AB0A-C7EF-4BEF-8E91-DF6E0D3DA702}.Debug|Any CPU.ActiveCfg = Debug|Any CPU
		{BE17AB0A-C7EF-4BEF-8E91-DF6E0D3DA702}.Debug|Any CPU.Build.0 = Debug|Any CPU
		{BE17AB0A-C7EF-4BEF-8E91-DF6E0D3DA702}.Release|Any CPU.ActiveCfg = Release|Any CPU
		{BE17AB0A-C7EF-4BEF-8E91-DF6E0D3DA702}.Release|Any CPU.Build.0 = Release|Any CPU
	EndGlobalSection
	GlobalSection(SolutionProperties) = preSolution
		HideSolutionNode = FALSE
	EndGlobalSection
	GlobalSection(ExtensibilityGlobals) = postSolution
		SolutionGuid = {BD6C1923-44B9-4FCE-903F-74C28483014F}
	EndGlobalSection
EndGlobal
